
Microsoft Visual Studio Solution File, Format Version 12.00
# Visual Studio Version 16
VisualStudioVersion = 16.0.31729.503
MinimumVisualStudioVersion = 10.0.40219.1
Project("{FAE04EC0-301F-11D3-BF4B-00C04F79EFBC}") = "TodoApi", "TodoApi\TodoApi.csproj", "{555B3D9F-F409-477C-A07B-3D057EC0FFB2}"
EndProject
Global
	GlobalSection(SolutionConfigurationPlatforms) = preSolution
		Debug|Any CPU = Debug|Any CPU
		Release|Any CPU = Release|Any CPU
	EndGlobalSection
	GlobalSection(ProjectConfigurationPlatforms) = postSolution
		{555B3D9F-F409-477C-A07B-3D057EC0FFB2}.Debug|Any CPU.ActiveCfg = Debug|Any CPU
		{555B3D9F-F409-477C-A07B-3D057EC0FFB2}.Debug|Any CPU.Build.0 = Debug|Any CPU
		{555B3D9F-F409-477C-A07B-3D057EC0FFB2}.Release|Any CPU.ActiveCfg = Release|Any CPU
		{555B3D9F-F409-477C-A07B-3D057EC0FFB2}.Release|Any CPU.Build.0 = Release|Any CPU
	EndGlobalSection
	GlobalSection(SolutionProperties) = preSolution
		HideSolutionNode = FALSE
	EndGlobalSection
	GlobalSection(ExtensibilityGlobals) = postSolution
		SolutionGuid = {29A6CCB3-697A-41D9-B648-D61CA80E9B4B}
	EndGlobalSection
EndGlobal
